
Microsoft Visual Studio Solution File, Format Version 12.00
# Visual Studio Version 16
VisualStudioVersion = 16.0.31729.503
MinimumVisualStudioVersion = 10.0.40219.1
Project("{9A19103F-16F7-4668-BE54-9A1E7A4F7556}") = "Centre.Api", "Centre.Api\Centre.Api.csproj", "{450364E5-E335-478D-AAC7-A76DD496510E}"
EndProject
Project("{FAE04EC0-301F-11D3-BF4B-00C04F79EFBC}") = "Centre.Data", "Centre.Data\Centre.Data.csproj", "{C9E68D40-84CC-4EB7-AC0D-8C36493938F0}"
EndProject
Project("{FAE04EC0-301F-11D3-BF4B-00C04F79EFBC}") = "Centre.Infra.Ioc", "Centre.Infra.Ioc\Centre.Infra.Ioc.csproj", "{ED511513-27F7-4C6C-B06B-7984F80B243C}"
EndProject
Project("{FAE04EC0-301F-11D3-BF4B-00C04F79EFBC}") = "Centre.Domain", "Centre.Domain\Centre.Domain.csproj", "{804957CD-7FA9-44AF-9B74-97951ACC1EEC}"
EndProject
Global
	GlobalSection(SolutionConfigurationPlatforms) = preSolution
		Debug|Any CPU = Debug|Any CPU
		Release|Any CPU = Release|Any CPU
	EndGlobalSection
	GlobalSection(ProjectConfigurationPlatforms) = postSolution
		{450364E5-E335-478D-AAC7-A76DD496510E}.Debug|Any CPU.ActiveCfg = Debug|Any CPU
		{450364E5-E335-478D-AAC7-A76DD496510E}.Debug|Any CPU.Build.0 = Debug|Any CPU
		{450364E5-E335-478D-AAC7-A76DD496510E}.Release|Any CPU.ActiveCfg = Release|Any CPU
		{450364E5-E335-478D-AAC7-A76DD496510E}.Release|Any CPU.Build.0 = Release|Any CPU
		{C9E68D40-84CC-4EB7-AC0D-8C36493938F0}.Debug|Any CPU.ActiveCfg = Debug|Any CPU
		{C9E68D40-84CC-4EB7-AC0D-8C36493938F0}.Debug|Any CPU.Build.0 = Debug|Any CPU
		{C9E68D40-84CC-4EB7-AC0D-8C36493938F0}.Release|Any CPU.ActiveCfg = Release|Any CPU
		{C9E68D40-84CC-4EB7-AC0D-8C36493938F0}.Release|Any CPU.Build.0 = Release|Any CPU
		{ED511513-27F7-4C6C-B06B-7984F80B243C}.Debug|Any CPU.ActiveCfg = Debug|Any CPU
		{ED511513-27F7-4C6C-B06B-7984F80B243C}.Debug|Any CPU.Build.0 = Debug|Any CPU
		{ED511513-27F7-4C6C-B06B-7984F80B243C}.Release|Any CPU.ActiveCfg = Release|Any CPU
		{ED511513-27F7-4C6C-B06B-7984F80B243C}.Release|Any CPU.Build.0 = Release|Any CPU
		{804957CD-7FA9-44AF-9B74-97951ACC1EEC}.Debug|Any CPU.ActiveCfg = Debug|Any CPU
		{804957CD-7FA9-44AF-9B74-97951ACC1EEC}.Debug|Any CPU.Build.0 = Debug|Any CPU
		{804957CD-7FA9-44AF-9B74-97951ACC1EEC}.Release|Any CPU.ActiveCfg = Release|Any CPU
		{804957CD-7FA9-44AF-9B74-97951ACC1EEC}.Release|Any CPU.Build.0 = Release|Any CPU
	EndGlobalSection
	GlobalSection(SolutionProperties) = preSolution
		HideSolutionNode = FALSE
	EndGlobalSection
	GlobalSection(ExtensibilityGlobals) = postSolution
		SolutionGuid = {87C0A858-9205-47AC-98F8-3F2357CD9A02}
	EndGlobalSection
EndGlobal
